
Microsoft Visual Studio Solution File, Format Version 12.00
# Visual Studio 15
Project("{FAE04EC0-301F-11D3-BF4B-00C04F79EFBC}") = "Assembly-CSharp", "Assembly-CSharp.csproj", "{3EE07585-61B8-AB3E-5A9E-64C1AC5567D4}"
EndProject
Project("{FAE04EC0-301F-11D3-BF4B-00C04F79EFBC}") = "Assembly-CSharp-Editor-firstpass", "Assembly-CSharp-Editor-firstpass.csproj", "{69A2C2EF-78EB-9659-F113-AE5895076536}"
EndProject
Global
	GlobalSection(SolutionConfigurationPlatforms) = preSolution
		Debug|Any CPU = Debug|Any CPU
		Release|Any CPU = Release|Any CPU
	EndGlobalSection
	GlobalSection(ProjectConfigurationPlatforms) = postSolution
		{3EE07585-61B8-AB3E-5A9E-64C1AC5567D4}.Debug|Any CPU.ActiveCfg = Debug|Any CPU
		{3EE07585-61B8-AB3E-5A9E-64C1AC5567D4}.Debug|Any CPU.Build.0 = Debug|Any CPU
		{3EE07585-61B8-AB3E-5A9E-64C1AC5567D4}.Release|Any CPU.ActiveCfg = Release|Any CPU
		{3EE07585-61B8-AB3E-5A9E-64C1AC5567D4}.Release|Any CPU.Build.0 = Release|Any CPU
		{69A2C2EF-78EB-9659-F113-AE5895076536}.Debug|Any CPU.ActiveCfg = Debug|Any CPU
		{69A2C2EF-78EB-9659-F113-AE5895076536}.Debug|Any CPU.Build.0 = Debug|Any CPU
		{69A2C2EF-78EB-9659-F113-AE5895076536}.Release|Any CPU.ActiveCfg = Release|Any CPU
		{69A2C2EF-78EB-9659-F113-AE5895076536}.Release|Any CPU.Build.0 = Release|Any CPU
	EndGlobalSection
	GlobalSection(SolutionProperties) = preSolution
		HideSolutionNode = FALSE
	EndGlobalSection
EndGlobal
